
Microsoft Visual Studio Solution File, Format Version 12.00
# Visual Studio 15
VisualStudioVersion = 15.0.26730.12
MinimumVisualStudioVersion = 10.0.40219.1
Project("{FAE04EC0-301F-11D3-BF4B-00C04F79EFBC}") = "WpfDemo", "WpfDemo.csproj", "{D7029A7D-64EC-442F-B414-9885900EEF90}"
EndProject
Global
	GlobalSection(SolutionConfigurationPlatforms) = preSolution
		Debug|Any CPU = Debug|Any CPU
		Release|Any CPU = Release|Any CPU
	EndGlobalSection
	GlobalSection(ProjectConfigurationPlatforms) = postSolution
		{D7029A7D-64EC-442F-B414-9885900EEF90}.Debug|Any CPU.ActiveCfg = Debug|Any CPU
		{D7029A7D-64EC-442F-B414-9885900EEF90}.Debug|Any CPU.Build.0 = Debug|Any CPU
		{D7029A7D-64EC-442F-B414-9885900EEF90}.Release|Any CPU.ActiveCfg = Release|Any CPU
		{D7029A7D-64EC-442F-B414-9885900EEF90}.Release|Any CPU.Build.0 = Release|Any CPU
	EndGlobalSection
	GlobalSection(SolutionProperties) = preSolution
		HideSolutionNode = FALSE
	EndGlobalSection
	GlobalSection(ExtensibilityGlobals) = postSolution
		SolutionGuid = {F7524F04-6F45-4B58-A571-FEE5F7E5BD4C}
	EndGlobalSection
EndGlobal
